PODS:
  - Alamofire (4.2.0)
  - Appirater (2.0.5)
  - Aspects (0.0.1)
  - AsyncSwift (2.0.4)
  - CallbackURLKit (1.0.0):
    - CallbackURLKit/Core (= 1.0.0)
  - CallbackURLKit/Core (1.0.0)
  - Cartography (1.0.1)
  - CocoaAsyncSocket (7.4.3):
    - CocoaAsyncSocket/All (= 7.4.3)
  - CocoaAsyncSocket/All (7.4.3):
    - CocoaAsyncSocket/GCD
    - CocoaAsyncSocket/RunLoop
  - CocoaAsyncSocket/GCD (7.4.3)
  - CocoaAsyncSocket/RunLoop (7.4.3)
  - CocoaLumberjack/Core (3.0.0)
  - CocoaLumberjack/Default (3.0.0):
    - CocoaLumberjack/Core
  - CocoaLumberjack/Extensions (3.0.0):
    - CocoaLumberjack/Default
  - CocoaLumberjack/Swift (3.0.0):
    - CocoaLumberjack/Extensions
  - Crashlytics (3.7.3):
    - Fabric (~> 1.6.3)
  - Eureka (4.1.1)
  - Fabric (1.6.8)
  - ICDMaterialActivityIndicatorView (0.1.2)
  - ICSMainFramework (0.0.1)
  - ICSPullToRefresh (0.6)
  - ISO8601DateFormatter (0.8)
  - KeychainAccess (3.1.1)
  - KissXML (5.2.2)
  - LibYAML (0.1.4)
  - MBProgressHUD (1.0.0)
  - MMWormhole (2.0.0):
    - MMWormhole/Core (= 2.0.0)
  - MMWormhole/Core (2.0.0)
  - ObjectMapper (2.2.2)
  - PSOperations (4.1.0):
    - PSOperations/Calendar (= 4.1.0)
    - PSOperations/Core (= 4.1.0)
    - PSOperations/Health (= 4.1.0)
    - PSOperations/Location (= 4.1.0)
    - PSOperations/Passbook (= 4.1.0)
  - PSOperations/Calendar (4.1.0):
    - PSOperations/Core
  - PSOperations/Core (4.1.0)
  - PSOperations/Health (4.1.0):
    - PSOperations/Core
  - PSOperations/Location (4.1.0):
    - PSOperations/Core
  - PSOperations/Passbook (4.1.0):
    - PSOperations/Core
  - Realm (2.10.2):
    - Realm/Headers (= 2.10.2)
  - Realm/Headers (2.10.2)
  - RealmSwift (2.10.2):
    - Realm (= 2.10.2)
  - Reveal-iOS-SDK (1.6.2)
  - SwiftColor (0.4.0)
  - YAML-Framework (0.0.3):
    - LibYAML (~> 0.1.4)

DEPENDENCIES:
  - Alamofire
  - Appirater
  - Aspects (from `./Library/Aspects/`)
  - AsyncSwift
  - CallbackURLKit (from `./Library/CallbackURLKit`)
  - Cartography
  - CocoaAsyncSocket (~> 7.4.3)
  - CocoaLumberjack/Swift (~> 3.0.0)
  - Crashlytics
  - Eureka
  - Fabric
  - ICDMaterialActivityIndicatorView (~> 0.1.0)
  - ICSMainFramework (from `./Library/ICSMainFramework/`)
  - ICSPullToRefresh (~> 0.6)
  - ISO8601DateFormatter (~> 0.8)
  - KeychainAccess
  - KissXML (~> 5.2.2)
  - MBProgressHUD
  - MMWormhole (~> 2.0.0)
  - ObjectMapper
  - PSOperations
  - RealmSwift (~> 2.10.2)
  - Reveal-iOS-SDK (~> 1.6.2)
  - SwiftColor
  - YAML-Framework (from `./Library/YAML-Framework`)

SPEC REPOS:
  https://github.com/CocoaPods/Specs.git:
    - Alamofire
    - Appirater
    - AsyncSwift
    - Cartography
    - CocoaAsyncSocket
    - CocoaLumberjack
    - Crashlytics
    - Eureka
    - Fabric
    - ICDMaterialActivityIndicatorView
    - ICSPullToRefresh
    - ISO8601DateFormatter
    - KeychainAccess
    - KissXML
    - LibYAML
    - MBProgressHUD
    - MMWormhole
    - ObjectMapper
    - PSOperations
    - Realm
    - RealmSwift
    - Reveal-iOS-SDK
    - SwiftColor

EXTERNAL SOURCES:
  Aspects:
    :path: "./Library/Aspects/"
  CallbackURLKit:
    :path: "./Library/CallbackURLKit"
  ICSMainFramework:
    :path: "./Library/ICSMainFramework/"
  YAML-Framework:
    :path: "./Library/YAML-Framework"

SPEC CHECKSUMS:
  Alamofire: aa2e09d871c9160ac53c90e83c68064a94e3dfbe
  Appirater: e7c0a47fb67ee5041ce8479e6ba960927fb40264
  Aspects: 8ac2b7220e45929088e0c5330397540577e65e6a
  AsyncSwift: 65775a7b32e740609b24969ece3de58723b9dc3e
  CallbackURLKit: 160c6c5eac9bee66d31eb5b3dcfe31197c073946
  Cartography: c1460e99395b824d9d75360b0382faeb0b33dcd7
  CocoaAsyncSocket: a18c75dca4b08723628a0bacca6e94803d90be91
  CocoaLumberjack: c823149bccc5519a9447aeb433be7b1212a7d6a5
  Crashlytics: 76f6beaff70acf226139582c09c78461597c2b98
  Eureka: b88fb930e42c79f8c03c373d0fcdc28c1d6c50ed
  Fabric: 5755268d0171435ab167e3d0878a28a777deaf10
  ICDMaterialActivityIndicatorView: 3f02a9dc9e52417023a98385d631c93d3f95c465
  ICSMainFramework: e2cfdd3bac03573d48c890a70190e9bfac051ed8
  ICSPullToRefresh: a64f102c6558cc34270ea60e99df7c91d1f3d2c0
  ISO8601DateFormatter: 4551b6ce4f83185425f583b0b3feb3c7b59b942c
  KeychainAccess: 7bd430028059754a3debab3cfc0bd1fc7fb85df3
  KissXML: 4418f32138aec43797891845d682b00fc8cd4677
  LibYAML: 3af2c5adf3a40dff936d087aa6a77edc10036bc5
  MBProgressHUD: 4890f671c94e8a0f3cf959aa731e9de2f036d71a
  MMWormhole: 0cd3fd35a9118b2e2d762b499f54eeaace0be791
  ObjectMapper: 9e385c2295bcc4e16eabbcfc85db801442bba545
  PSOperations: bf25e1fdeb84940be0e22220a41a5bd690449c2f
  Realm: 0ef72b837fb67e9f4b098bac771ddd72c7fdbb69
  RealmSwift: 07a9ae0505091eda6b2ee7c190c3786d6e90a7b0
  Reveal-iOS-SDK: e2250b3c155bcfac53ae223ddc1f76d08f206c33
  SwiftColor: c240d8cb2e1a29d731ae8deca8739eac6b9c56bd
  YAML-Framework: e63ac91e0494f10022bd311fa3f12d963f6233e7

PODFILE CHECKSUM: 773204542ef8ad11dc8205a2dc85e91ab2b3cb1b

COCOAPODS: 1.5.0
