// !$*UTF8*$!
{
	archiveVersion = 1;
	classes = {
	};
	objectVersion = 46;
	objects = {

/* Begin PBXBuildFile section */
		8DC2EF530486A6940098B216 /* InfoPlist.strings in Resources */ = {isa = PBXBuildFile; fileRef = 089C1666FE841158C02AAC07 /* InfoPlist.strings */; };
		B6A4325D1C2708F7007FB63C /* YAML.framework in Frameworks */ = {isa = PBXBuildFile; fileRef = 8DC2EF5B0486A6940098B216 /* YAML.framework */; };
		B6A432661C270973007FB63C /* YAMLUnitTests.m in Sources */ = {isa = PBXBuildFile; fileRef = D319EEB613E5EE2A000EB46D /* YAMLUnitTests.m */; };
		B6A432671C2709D5007FB63C /* basic.yaml in Resources */ = {isa = PBXBuildFile; fileRef = D3E92E6313E5F68C00BA5B63 /* basic.yaml */; };
		B6A432681C270B3E007FB63C /* InfoPlist.strings in Resources */ = {isa = PBXBuildFile; fileRef = 089C1666FE841158C02AAC07 /* InfoPlist.strings */; };
		B6A432A91C27CE60007FB63C /* YAMLSerialization.m in Sources */ = {isa = PBXBuildFile; fileRef = EBF83D8A124D7A3E008517E5 /* YAMLSerialization.m */; settings = {COMPILER_FLAGS = "-fno-objc-arc"; }; };
		B6A432AA1C27CE7B007FB63C /* api.c in Sources */ = {isa = PBXBuildFile; fileRef = EB8C1AB114B795E200BCDC1A /* api.c */; };
		B6A432AB1C27CE7B007FB63C /* dumper.c in Sources */ = {isa = PBXBuildFile; fileRef = EB8C1AB214B795E200BCDC1A /* dumper.c */; };
		B6A432AC1C27CE7B007FB63C /* emitter.c in Sources */ = {isa = PBXBuildFile; fileRef = EB8C1AB314B795E200BCDC1A /* emitter.c */; };
		B6A432AD1C27CE7B007FB63C /* loader.c in Sources */ = {isa = PBXBuildFile; fileRef = EB8C1AB414B795E200BCDC1A /* loader.c */; };
		B6A432AE1C27CE7B007FB63C /* parser.c in Sources */ = {isa = PBXBuildFile; fileRef = EB8C1AB514B795E200BCDC1A /* parser.c */; };
		B6A432AF1C27CE7B007FB63C /* reader.c in Sources */ = {isa = PBXBuildFile; fileRef = EB8C1AB614B795E200BCDC1A /* reader.c */; };
		B6A432B01C27CE7B007FB63C /* scanner.c in Sources */ = {isa = PBXBuildFile; fileRef = EB8C1AB714B795E200BCDC1A /* scanner.c */; };
		B6A432B11C27CE7B007FB63C /* writer.c in Sources */ = {isa = PBXBuildFile; fileRef = EB8C1AB814B795E200BCDC1A /* writer.c */; };
		B6A432B21C27CE8F007FB63C /* YAMLSerialization.h in Headers */ = {isa = PBXBuildFile; fileRef = EBF83D89124D7A3E008517E5 /* YAMLSerialization.h */; settings = {ATTRIBUTES = (Public, ); }; };
		B6A432B31C27CEB0007FB63C /* config.h in Headers */ = {isa = PBXBuildFile; fileRef = EB8C1AC314B7964500BCDC1A /* config.h */; };
		B6A432B41C27CEB0007FB63C /* yaml_private.h in Headers */ = {isa = PBXBuildFile; fileRef = EB8C1AB914B795E200BCDC1A /* yaml_private.h */; };
		B6A432B51C27CEB0007FB63C /* yaml.h in Headers */ = {isa = PBXBuildFile; fileRef = EB8C1AAF14B795CC00BCDC1A /* yaml.h */; };
		B6A432B61C27CEC7007FB63C /* InfoPlist.strings in Resources */ = {isa = PBXBuildFile; fileRef = 089C1666FE841158C02AAC07 /* InfoPlist.strings */; };
		B6A432B81C27CEEC007FB63C /* Foundation.framework in Frameworks */ = {isa = PBXBuildFile; fileRef = B6A432B71C27CEEC007FB63C /* Foundation.framework */; };
		EB2B592E124E2117001FFEEB /* events.c in Sources */ = {isa = PBXBuildFile; fileRef = EB2B592D124E2117001FFEEB /* events.c */; };
		EB2B5952124E230A001FFEEB /* yaml in Copy YAML Files */ = {isa = PBXBuildFile; fileRef = EB6C424F124D9B3E00886AD1 /* yaml */; };
		EB6C4214124D99D000886AD1 /* YAML.framework in Frameworks */ = {isa = PBXBuildFile; fileRef = 8DC2EF5B0486A6940098B216 /* YAML.framework */; };
		EB6C4252124D9B4A00886AD1 /* yaml in Copy YAML Files */ = {isa = PBXBuildFile; fileRef = EB6C424F124D9B3E00886AD1 /* yaml */; };
		EB6C433C124E0CF600886AD1 /* test.m in Sources */ = {isa = PBXBuildFile; fileRef = EB6C4226124D9A1700886AD1 /* test.m */; };
		EB8C1AB014B795CC00BCDC1A /* yaml.h in Headers */ = {isa = PBXBuildFile; fileRef = EB8C1AAF14B795CC00BCDC1A /* yaml.h */; };
		EB8C1ABA14B795E200BCDC1A /* api.c in Sources */ = {isa = PBXBuildFile; fileRef = EB8C1AB114B795E200BCDC1A /* api.c */; };
		EB8C1ABB14B795E200BCDC1A /* dumper.c in Sources */ = {isa = PBXBuildFile; fileRef = EB8C1AB214B795E200BCDC1A /* dumper.c */; };
		EB8C1ABC14B795E200BCDC1A /* emitter.c in Sources */ = {isa = PBXBuildFile; fileRef = EB8C1AB314B795E200BCDC1A /* emitter.c */; };
		EB8C1ABD14B795E200BCDC1A /* loader.c in Sources */ = {isa = PBXBuildFile; fileRef = EB8C1AB414B795E200BCDC1A /* loader.c */; };
		EB8C1ABE14B795E200BCDC1A /* parser.c in Sources */ = {isa = PBXBuildFile; fileRef = EB8C1AB514B795E200BCDC1A /* parser.c */; };
		EB8C1ABF14B795E200BCDC1A /* reader.c in Sources */ = {isa = PBXBuildFile; fileRef = EB8C1AB614B795E200BCDC1A /* reader.c */; };
		EB8C1AC014B795E200BCDC1A /* scanner.c in Sources */ = {isa = PBXBuildFile; fileRef = EB8C1AB714B795E200BCDC1A /* scanner.c */; };
		EB8C1AC114B795E200BCDC1A /* writer.c in Sources */ = {isa = PBXBuildFile; fileRef = EB8C1AB814B795E200BCDC1A /* writer.c */; };
		EB8C1AC214B795E200BCDC1A /* yaml_private.h in Headers */ = {isa = PBXBuildFile; fileRef = EB8C1AB914B795E200BCDC1A /* yaml_private.h */; };
		EB8C1AC414B7964500BCDC1A /* config.h in Headers */ = {isa = PBXBuildFile; fileRef = EB8C1AC314B7964500BCDC1A /* config.h */; };
		EBE745BB124F8C0D00618049 /* YAML.framework in Frameworks */ = {isa = PBXBuildFile; fileRef = 8DC2EF5B0486A6940098B216 /* YAML.framework */; };
		EBE745BD124F8C0D00618049 /* yaml in Copy YAML Files */ = {isa = PBXBuildFile; fileRef = EB6C424F124D9B3E00886AD1 /* yaml */; };
		EBE745C7124F8C2F00618049 /* spec12examples.m in Sources */ = {isa = PBXBuildFile; fileRef = EBE745AF124F8B5000618049 /* spec12examples.m */; };
		EBF83D8B124D7A3E008517E5 /* YAMLSerialization.h in Headers */ = {isa = PBXBuildFile; fileRef = EBF83D89124D7A3E008517E5 /* YAMLSerialization.h */; settings = {ATTRIBUTES = (Public, ); }; };
		EBF83D8C124D7A3E008517E5 /* YAMLSerialization.m in Sources */ = {isa = PBXBuildFile; fileRef = EBF83D8A124D7A3E008517E5 /* YAMLSerialization.m */; settings = {COMPILER_FLAGS = "-fno-objc-arc"; }; };
/* End PBXBuildFile section */

/* Begin PBXContainerItemProxy section */
		B6A4325E1C2708F7007FB63C /* PBXContainerItemProxy */ = {
			isa = PBXContainerItemProxy;
			containerPortal = 0867D690FE84028FC02AAC07 /* Project object */;
			proxyType = 1;
			remoteGlobalIDString = 8DC2EF4F0486A6940098B216;
			remoteInfo = YAML;
		};
		B6A432631C270944007FB63C /* PBXContainerItemProxy */ = {
			isa = PBXContainerItemProxy;
			containerPortal = 0867D690FE84028FC02AAC07 /* Project object */;
			proxyType = 1;
			remoteGlobalIDString = 8DC2EF4F0486A6940098B216;
			remoteInfo = YAML;
		};
		EB6C4212124D99CB00886AD1 /* PBXContainerItemProxy */ = {
			isa = PBXContainerItemProxy;
			containerPortal = 0867D690FE84028FC02AAC07 /* Project object */;
			proxyType = 1;
			remoteGlobalIDString = 8DC2EF4F0486A6940098B216;
			remoteInfo = YAML;
		};
		EBE745B6124F8C0D00618049 /* PBXContainerItemProxy */ = {
			isa = PBXContainerItemProxy;
			containerPortal = 0867D690FE84028FC02AAC07 /* Project object */;
			proxyType = 1;
			remoteGlobalIDString = 8DC2EF4F0486A6940098B216;
			remoteInfo = YAML;
		};
/* End PBXContainerItemProxy section */

/* Begin PBXCopyFilesBuildPhase section */
		EB2B5960124E230D001FFEEB /* Copy YAML Files */ = {
			isa = PBXCopyFilesBuildPhase;
			buildActionMask = 2147483647;
			dstPath = "";
			dstSubfolderSpec = 16;
			files = (
				EB2B5952124E230A001FFEEB /* yaml in Copy YAML Files */,
			);
			name = "Copy YAML Files";
			runOnlyForDeploymentPostprocessing = 0;
		};
		EB6C424E124D9B0300886AD1 /* Copy YAML Files */ = {
			isa = PBXCopyFilesBuildPhase;
			buildActionMask = 2147483647;
			dstPath = "";
			dstSubfolderSpec = 16;
			files = (
				EB6C4252124D9B4A00886AD1 /* yaml in Copy YAML Files */,
			);
			name = "Copy YAML Files";
			runOnlyForDeploymentPostprocessing = 0;
		};
		EBE745BC124F8C0D00618049 /* Copy YAML Files */ = {
			isa = PBXCopyFilesBuildPhase;
			buildActionMask = 2147483647;
			dstPath = "";
			dstSubfolderSpec = 16;
			files = (
				EBE745BD124F8C0D00618049 /* yaml in Copy YAML Files */,
			);
			name = "Copy YAML Files";
			runOnlyForDeploymentPostprocessing = 0;
		};
/* End PBXCopyFilesBuildPhase section */

/* Begin PBXFileReference section */
		089C1667FE841158C02AAC07 /* English */ = {isa = PBXFileReference; fileEncoding = 4; lastKnownFileType = text.plist.strings; name = English; path = English.lproj/InfoPlist.strings; sourceTree = "<group>"; };
		32DBCF5E0370ADEE00C91783 /* YAML_Prefix.pch */ = {isa = PBXFileReference; fileEncoding = 4; lastKnownFileType = sourcecode.c.h; path = YAML_Prefix.pch; sourceTree = "<group>"; };
		8DC2EF5A0486A6940098B216 /* Info.plist */ = {isa = PBXFileReference; fileEncoding = 4; lastKnownFileType = text.plist.xml; path = Info.plist; sourceTree = "<group>"; };
		8DC2EF5B0486A6940098B216 /* YAML.framework */ = {isa = PBXFileReference; explicitFileType = wrapper.framework; includeInIndex = 0; path = YAML.framework; sourceTree = BUILT_PRODUCTS_DIR; };
		B6A432581C2708F7007FB63C /* YAMLUnitTests.xctest */ = {isa = PBXFileReference; explicitFileType = wrapper.cfbundle; includeInIndex = 0; path = YAMLUnitTests.xctest; sourceTree = BUILT_PRODUCTS_DIR; };
		B6A4329A1C27C97B007FB63C /* YAML iOS-Info.plist */ = {isa = PBXFileReference; lastKnownFileType = text.plist.xml; name = "YAML iOS-Info.plist"; path = "/Users/dweston/src/YAML.framework/YAML iOS-Info.plist"; sourceTree = "<absolute>"; };
		B6A432A11C27CE40007FB63C /* YAML.framework */ = {isa = PBXFileReference; explicitFileType = wrapper.framework; includeInIndex = 0; path = YAML.framework; sourceTree = BUILT_PRODUCTS_DIR; };
		B6A432A31C27CE40007FB63C /* YAML iOS.h */ = {isa = PBXFileReference; lastKnownFileType = sourcecode.c.h; path = "YAML iOS.h"; sourceTree = "<group>"; };
		B6A432A51C27CE40007FB63C /* Info.plist */ = {isa = PBXFileReference; lastKnownFileType = text.plist.xml; path = Info.plist; sourceTree = "<group>"; };
		B6A432B71C27CEEC007FB63C /* Foundation.framework */ = {isa = PBXFileReference; lastKnownFileType = wrapper.framework; name = Foundation.framework; path = Platforms/iPhoneOS.platform/Developer/SDKs/iPhoneOS9.2.sdk/System/Library/Frameworks/Foundation.framework; sourceTree = DEVELOPER_DIR; };
		B6A432C31C29123F007FB63C /* module.modulemap */ = {isa = PBXFileReference; fileEncoding = 4; lastKnownFileType = "sourcecode.module-map"; path = module.modulemap; sourceTree = "<group>"; };
		D319EEA913E5EE2A000EB46D /* Cocoa.framework */ = {isa = PBXFileReference; lastKnownFileType = wrapper.framework; name = Cocoa.framework; path = Library/Frameworks/Cocoa.framework; sourceTree = DEVELOPER_DIR; };
		D319EEAC13E5EE2A000EB46D /* AppKit.framework */ = {isa = PBXFileReference; lastKnownFileType = wrapper.framework; name = AppKit.framework; path = Library/Frameworks/AppKit.framework; sourceTree = SDKROOT; };
		D319EEAD13E5EE2A000EB46D /* CoreData.framework */ = {isa = PBXFileReference; lastKnownFileType = wrapper.framework; name = CoreData.framework; path = Library/Frameworks/CoreData.framework; sourceTree = SDKROOT; };
		D319EEAE13E5EE2A000EB46D /* Foundation.framework */ = {isa = PBXFileReference; lastKnownFileType = wrapper.framework; name = Foundation.framework; path = Library/Frameworks/Foundation.framework; sourceTree = SDKROOT; };
		D319EEB113E5EE2A000EB46D /* YAMLUnitTests-Info.plist */ = {isa = PBXFileReference; lastKnownFileType = text.plist.xml; path = "YAMLUnitTests-Info.plist"; sourceTree = "<group>"; };
		D319EEB313E5EE2A000EB46D /* en */ = {isa = PBXFileReference; lastKnownFileType = text.plist.strings; name = en; path = en.lproj/InfoPlist.strings; sourceTree = "<group>"; };
		D319EEB513E5EE2A000EB46D /* YAMLUnitTests.h */ = {isa = PBXFileReference; lastKnownFileType = sourcecode.c.h; path = YAMLUnitTests.h; sourceTree = "<group>"; };
		D319EEB613E5EE2A000EB46D /* YAMLUnitTests.m */ = {isa = PBXFileReference; lastKnownFileType = sourcecode.c.objc; path = YAMLUnitTests.m; sourceTree = "<group>"; };
		D319EEB813E5EE2A000EB46D /* YAMLUnitTests-Prefix.pch */ = {isa = PBXFileReference; lastKnownFileType = sourcecode.c.h; path = "YAMLUnitTests-Prefix.pch"; sourceTree = "<group>"; };
		D3E92E6313E5F68C00BA5B63 /* basic.yaml */ = {isa = PBXFileReference; fileEncoding = 4; lastKnownFileType = text; name = basic.yaml; path = test/yaml/basic.yaml; sourceTree = SOURCE_ROOT; };
		EB2B5928124E2100001FFEEB /* events */ = {isa = PBXFileReference; explicitFileType = "compiled.mach-o.executable"; includeInIndex = 0; path = events; sourceTree = BUILT_PRODUCTS_DIR; };
		EB2B592D124E2117001FFEEB /* events.c */ = {isa = PBXFileReference; fileEncoding = 4; lastKnownFileType = sourcecode.c.c; path = events.c; sourceTree = "<group>"; };
		EB6C420E124D99BE00886AD1 /* test */ = {isa = PBXFileReference; explicitFileType = "compiled.mach-o.executable"; includeInIndex = 0; path = test; sourceTree = BUILT_PRODUCTS_DIR; };
		EB6C4226124D9A1700886AD1 /* test.m */ = {isa = PBXFileReference; fileEncoding = 4; lastKnownFileType = sourcecode.c.objc; path = test.m; sourceTree = "<group>"; };
		EB6C424F124D9B3E00886AD1 /* yaml */ = {isa = PBXFileReference; lastKnownFileType = folder; path = yaml; sourceTree = "<group>"; };
		EB8C1AAF14B795CC00BCDC1A /* yaml.h */ = {isa = PBXFileReference; fileEncoding = 4; lastKnownFileType = sourcecode.c.h; name = yaml.h; path = "yaml-0.1.4/include/yaml.h"; sourceTree = "<group>"; };
		EB8C1AB114B795E200BCDC1A /* api.c */ = {isa = PBXFileReference; fileEncoding = 4; lastKnownFileType = sourcecode.c.c; name = api.c; path = "yaml-0.1.4/src/api.c"; sourceTree = "<group>"; };
		EB8C1AB214B795E200BCDC1A /* dumper.c */ = {isa = PBXFileReference; fileEncoding = 4; lastKnownFileType = sourcecode.c.c; name = dumper.c; path = "yaml-0.1.4/src/dumper.c"; sourceTree = "<group>"; };
		EB8C1AB314B795E200BCDC1A /* emitter.c */ = {isa = PBXFileReference; fileEncoding = 4; lastKnownFileType = sourcecode.c.c; name = emitter.c; path = "yaml-0.1.4/src/emitter.c"; sourceTree = "<group>"; };
		EB8C1AB414B795E200BCDC1A /* loader.c */ = {isa = PBXFileReference; fileEncoding = 4; lastKnownFileType = sourcecode.c.c; name = loader.c; path = "yaml-0.1.4/src/loader.c"; sourceTree = "<group>"; };
		EB8C1AB514B795E200BCDC1A /* parser.c */ = {isa = PBXFileReference; fileEncoding = 4; lastKnownFileType = sourcecode.c.c; name = parser.c; path = "yaml-0.1.4/src/parser.c"; sourceTree = "<group>"; };
		EB8C1AB614B795E200BCDC1A /* reader.c */ = {isa = PBXFileReference; fileEncoding = 4; lastKnownFileType = sourcecode.c.c; name = reader.c; path = "yaml-0.1.4/src/reader.c"; sourceTree = "<group>"; };
		EB8C1AB714B795E200BCDC1A /* scanner.c */ = {isa = PBXFileReference; fileEncoding = 4; lastKnownFileType = sourcecode.c.c; name = scanner.c; path = "yaml-0.1.4/src/scanner.c"; sourceTree = "<group>"; };
		EB8C1AB814B795E200BCDC1A /* writer.c */ = {isa = PBXFileReference; fileEncoding = 4; lastKnownFileType = sourcecode.c.c; name = writer.c; path = "yaml-0.1.4/src/writer.c"; sourceTree = "<group>"; };
		EB8C1AB914B795E200BCDC1A /* yaml_private.h */ = {isa = PBXFileReference; fileEncoding = 4; lastKnownFileType = sourcecode.c.h; name = yaml_private.h; path = "yaml-0.1.4/src/yaml_private.h"; sourceTree = "<group>"; };
		EB8C1AC314B7964500BCDC1A /* config.h */ = {isa = PBXFileReference; fileEncoding = 4; lastKnownFileType = sourcecode.c.h; name = config.h; path = "yaml-0.1.4/config.h"; sourceTree = "<group>"; };
		EBE745AF124F8B5000618049 /* spec12examples.m */ = {isa = PBXFileReference; fileEncoding = 4; lastKnownFileType = sourcecode.c.objc; path = spec12examples.m; sourceTree = "<group>"; };
		EBE745C1124F8C0D00618049 /* test */ = {isa = PBXFileReference; explicitFileType = "compiled.mach-o.executable"; includeInIndex = 0; path = test; sourceTree = BUILT_PRODUCTS_DIR; };
		EBF83D89124D7A3E008517E5 /* YAMLSerialization.h */ = {isa = PBXFileReference; fileEncoding = 4; lastKnownFileType = sourcecode.c.h; path = YAMLSerialization.h; sourceTree = "<group>"; };
		EBF83D8A124D7A3E008517E5 /* YAMLSerialization.m */ = {isa = PBXFileReference; fileEncoding = 4; lastKnownFileType = sourcecode.c.objc; path = YAMLSerialization.m; sourceTree = "<group>"; };
/* End PBXFileReference section */

/* Begin PBXFrameworksBuildPhase section */
		8DC2EF560486A6940098B216 /* Frameworks */ = {
			isa = PBXFrameworksBuildPhase;
			buildActionMask = 2147483647;
			files = (
			);
			runOnlyForDeploymentPostprocessing = 0;
		};
		B6A432551C2708F7007FB63C /* Frameworks */ = {
			isa = PBXFrameworksBuildPhase;
			buildActionMask = 2147483647;
			files = (
				B6A4325D1C2708F7007FB63C /* YAML.framework in Frameworks */,
			);
			runOnlyForDeploymentPostprocessing = 0;
		};
		B6A4329D1C27CE40007FB63C /* Frameworks */ = {
			isa = PBXFrameworksBuildPhase;
			buildActionMask = 2147483647;
			files = (
				B6A432B81C27CEEC007FB63C /* Foundation.framework in Frameworks */,
			);
			runOnlyForDeploymentPostprocessing = 0;
		};
		EB2B5926124E2100001FFEEB /* Frameworks */ = {
			isa = PBXFrameworksBuildPhase;
			buildActionMask = 2147483647;
			files = (
			);
			runOnlyForDeploymentPostprocessing = 0;
		};
		EB6C420C124D99BE00886AD1 /* Frameworks */ = {
			isa = PBXFrameworksBuildPhase;
			buildActionMask = 2147483647;
			files = (
				EB6C4214124D99D000886AD1 /* YAML.framework in Frameworks */,
			);
			runOnlyForDeploymentPostprocessing = 0;
		};
		EBE745B9124F8C0D00618049 /* Frameworks */ = {
			isa = PBXFrameworksBuildPhase;
			buildActionMask = 2147483647;
			files = (
				EBE745BB124F8C0D00618049 /* YAML.framework in Frameworks */,
			);
			runOnlyForDeploymentPostprocessing = 0;
		};
/* End PBXFrameworksBuildPhase section */

/* Begin PBXGroup section */
		034768DFFF38A50411DB9C8B /* Products */ = {
			isa = PBXGroup;
			children = (
				8DC2EF5B0486A6940098B216 /* YAML.framework */,
				EB6C420E124D99BE00886AD1 /* test */,
				EB2B5928124E2100001FFEEB /* events */,
				EBE745C1124F8C0D00618049 /* test */,
				B6A432581C2708F7007FB63C /* YAMLUnitTests.xctest */,
				B6A432A11C27CE40007FB63C /* YAML.framework */,
			);
			name = Products;
			sourceTree = "<group>";
		};
		0867D691FE84028FC02AAC07 /* YAML */ = {
			isa = PBXGroup;
			children = (
				EB6C4222124D9A0200886AD1 /* test */,
				EB8C1AAE14B794F000BCDC1A /* yaml-0.1.4 */,
				08FB77AEFE84172EC02AAC07 /* Classes */,
				32C88DFF0371C24200C91783 /* Other Sources */,
				089C1665FE841158C02AAC07 /* Resources */,
				D319EEAF13E5EE2A000EB46D /* YAMLUnitTests */,
				B6A432A21C27CE40007FB63C /* YAML iOS */,
				0867D69AFE84028FC02AAC07 /* Frameworks */,
				034768DFFF38A50411DB9C8B /* Products */,
			);
			name = YAML;
			sourceTree = "<group>";
		};
		0867D69AFE84028FC02AAC07 /* Frameworks */ = {
			isa = PBXGroup;
			children = (
				B6A432B71C27CEEC007FB63C /* Foundation.framework */,
				D319EEA913E5EE2A000EB46D /* Cocoa.framework */,
				D319EEAB13E5EE2A000EB46D /* Other Frameworks */,
			);
			name = Frameworks;
			sourceTree = "<group>";
		};
		089C1665FE841158C02AAC07 /* Resources */ = {
			isa = PBXGroup;
			children = (
				B6A4329A1C27C97B007FB63C /* YAML iOS-Info.plist */,
				8DC2EF5A0486A6940098B216 /* Info.plist */,
				089C1666FE841158C02AAC07 /* InfoPlist.strings */,
			);
			name = Resources;
			sourceTree = "<group>";
		};
		08FB77AEFE84172EC02AAC07 /* Classes */ = {
			isa = PBXGroup;
			children = (
				EBF83D89124D7A3E008517E5 /* YAMLSerialization.h */,
				EBF83D8A124D7A3E008517E5 /* YAMLSerialization.m */,
			);
			name = Classes;
			sourceTree = "<group>";
		};
		32C88DFF0371C24200C91783 /* Other Sources */ = {
			isa = PBXGroup;
			children = (
				B6A432C31C29123F007FB63C /* module.modulemap */,
				32DBCF5E0370ADEE00C91783 /* YAML_Prefix.pch */,
			);
			name = "Other Sources";
			sourceTree = "<group>";
		};
		B6A432A21C27CE40007FB63C /* YAML iOS */ = {
			isa = PBXGroup;
			children = (
				B6A432A31C27CE40007FB63C /* YAML iOS.h */,
				B6A432A51C27CE40007FB63C /* Info.plist */,
			);
			path = "YAML iOS";
			sourceTree = "<group>";
		};
		D319EEAB13E5EE2A000EB46D /* Other Frameworks */ = {
			isa = PBXGroup;
			children = (
				D319EEAC13E5EE2A000EB46D /* AppKit.framework */,
				D319EEAD13E5EE2A000EB46D /* CoreData.framework */,
				D319EEAE13E5EE2A000EB46D /* Foundation.framework */,
			);
			name = "Other Frameworks";
			sourceTree = "<group>";
		};
		D319EEAF13E5EE2A000EB46D /* YAMLUnitTests */ = {
			isa = PBXGroup;
			children = (
				D3E92E6313E5F68C00BA5B63 /* basic.yaml */,
				D319EEB513E5EE2A000EB46D /* YAMLUnitTests.h */,
				D319EEB613E5EE2A000EB46D /* YAMLUnitTests.m */,
				D319EEB013E5EE2A000EB46D /* Supporting Files */,
			);
			path = YAMLUnitTests;
			sourceTree = "<group>";
		};
		D319EEB013E5EE2A000EB46D /* Supporting Files */ = {
			isa = PBXGroup;
			children = (
				D319EEB113E5EE2A000EB46D /* YAMLUnitTests-Info.plist */,
				D319EEB213E5EE2A000EB46D /* InfoPlist.strings */,
				D319EEB813E5EE2A000EB46D /* YAMLUnitTests-Prefix.pch */,
			);
			name = "Supporting Files";
			sourceTree = "<group>";
		};
		EB6C4222124D9A0200886AD1 /* test */ = {
			isa = PBXGroup;
			children = (
				EBE745AF124F8B5000618049 /* spec12examples.m */,
				EB6C424F124D9B3E00886AD1 /* yaml */,
				EB6C4226124D9A1700886AD1 /* test.m */,
				EB2B592D124E2117001FFEEB /* events.c */,
			);
			path = test;
			sourceTree = "<group>";
		};
		EB8C1AAE14B794F000BCDC1A /* yaml-0.1.4 */ = {
			isa = PBXGroup;
			children = (
				EB8C1AC314B7964500BCDC1A /* config.h */,
				EB8C1AB114B795E200BCDC1A /* api.c */,
				EB8C1AB214B795E200BCDC1A /* dumper.c */,
				EB8C1AB314B795E200BCDC1A /* emitter.c */,
				EB8C1AB414B795E200BCDC1A /* loader.c */,
				EB8C1AB514B795E200BCDC1A /* parser.c */,
				EB8C1AB614B795E200BCDC1A /* reader.c */,
				EB8C1AB714B795E200BCDC1A /* scanner.c */,
				EB8C1AB814B795E200BCDC1A /* writer.c */,
				EB8C1AB914B795E200BCDC1A /* yaml_private.h */,
				EB8C1AAF14B795CC00BCDC1A /* yaml.h */,
			);
			name = "yaml-0.1.4";
			sourceTree = "<group>";
		};
/* End PBXGroup section */

/* Begin PBXHeadersBuildPhase section */
		8DC2EF500486A6940098B216 /* Headers */ = {
			isa = PBXHeadersBuildPhase;
			buildActionMask = 2147483647;
			files = (
				EBF83D8B124D7A3E008517E5 /* YAMLSerialization.h in Headers */,
				EB8C1AB014B795CC00BCDC1A /* yaml.h in Headers */,
				EB8C1AC214B795E200BCDC1A /* yaml_private.h in Headers */,
				EB8C1AC414B7964500BCDC1A /* config.h in Headers */,
			);
			runOnlyForDeploymentPostprocessing = 0;
		};
		B6A4329E1C27CE40007FB63C /* Headers */ = {
			isa = PBXHeadersBuildPhase;
			buildActionMask = 2147483647;
			files = (
				B6A432B21C27CE8F007FB63C /* YAMLSerialization.h in Headers */,
				B6A432B51C27CEB0007FB63C /* yaml.h in Headers */,
				B6A432B31C27CEB0007FB63C /* config.h in Headers */,
				B6A432B41C27CEB0007FB63C /* yaml_private.h in Headers */,
			);
			runOnlyForDeploymentPostprocessing = 0;
		};
/* End PBXHeadersBuildPhase section */

/* Begin PBXNativeTarget section */
		8DC2EF4F0486A6940098B216 /* YAML */ = {
			isa = PBXNativeTarget;
			buildConfigurationList = 1DEB91AD08733DA50010E9CD /* Build configuration list for PBXNativeTarget "YAML" */;
			buildPhases = (
				8DC2EF500486A6940098B216 /* Headers */,
				8DC2EF520486A6940098B216 /* Resources */,
				8DC2EF540486A6940098B216 /* Sources */,
				8DC2EF560486A6940098B216 /* Frameworks */,
			);
			buildRules = (
			);
			dependencies = (
			);
			name = YAML;
			productInstallPath = "$(HOME)/Library/Frameworks";
			productName = YAML;
			productReference = 8DC2EF5B0486A6940098B216 /* YAML.framework */;
			productType = "com.apple.product-type.framework";
		};
		B6A432571C2708F7007FB63C /* YAMLUnitTests */ = {
			isa = PBXNativeTarget;
			buildConfigurationList = B6A432601C2708F7007FB63C /* Build configuration list for PBXNativeTarget "YAMLUnitTests" */;
			buildPhases = (
				B6A432541C2708F7007FB63C /* Sources */,
				B6A432551C2708F7007FB63C /* Frameworks */,
				B6A432561C2708F7007FB63C /* Resources */,
			);
			buildRules = (
			);
			dependencies = (
				B6A4325F1C2708F7007FB63C /* PBXTargetDependency */,
			);
			name = YAMLUnitTests;
			productName = YAMLUnitTests;
			productReference = B6A432581C2708F7007FB63C /* YAMLUnitTests.xctest */;
			productType = "com.apple.product-type.bundle.unit-test";
		};
		B6A432A01C27CE40007FB63C /* YAML iOS */ = {
			isa = PBXNativeTarget;
			buildConfigurationList = B6A432A61C27CE40007FB63C /* Build configuration list for PBXNativeTarget "YAML iOS" */;
			buildPhases = (
				B6A4329C1C27CE40007FB63C /* Sources */,
				B6A4329D1C27CE40007FB63C /* Frameworks */,
				B6A4329E1C27CE40007FB63C /* Headers */,
				B6A4329F1C27CE40007FB63C /* Resources */,
			);
			buildRules = (
			);
			dependencies = (
			);
			name = "YAML iOS";
			productName = "YAML iOS";
			productReference = B6A432A11C27CE40007FB63C /* YAML.framework */;
			productType = "com.apple.product-type.framework";
		};
		EB2B5927124E2100001FFEEB /* events */ = {
			isa = PBXNativeTarget;
			buildConfigurationList = EB2B592F124E2117001FFEEB /* Build configuration list for PBXNativeTarget "events" */;
			buildPhases = (
				EB2B5925124E2100001FFEEB /* Sources */,
				EB2B5926124E2100001FFEEB /* Frameworks */,
				EB2B5960124E230D001FFEEB /* Copy YAML Files */,
			);
			buildRules = (
			);
			dependencies = (
				B6A432641C270944007FB63C /* PBXTargetDependency */,
			);
			name = events;
			productName = events;
			productReference = EB2B5928124E2100001FFEEB /* events */;
			productType = "com.apple.product-type.tool";
		};
		EB6C420D124D99BE00886AD1 /* test */ = {
			isa = PBXNativeTarget;
			buildConfigurationList = EB6C4221124D99E100886AD1 /* Build configuration list for PBXNativeTarget "test" */;
			buildPhases = (
				EB6C420B124D99BE00886AD1 /* Sources */,
				EB6C420C124D99BE00886AD1 /* Frameworks */,
				EB6C424E124D9B0300886AD1 /* Copy YAML Files */,
			);
			buildRules = (
			);
			dependencies = (
				EB6C4213124D99CB00886AD1 /* PBXTargetDependency */,
			);
			name = test;
			productName = test;
			productReference = EB6C420E124D99BE00886AD1 /* test */;
			productType = "com.apple.product-type.tool";
		};
		EBE745B4124F8C0D00618049 /* test (spec12examples) */ = {
			isa = PBXNativeTarget;
			buildConfigurationList = EBE745BE124F8C0D00618049 /* Build configuration list for PBXNativeTarget "test (spec12examples)" */;
			buildPhases = (
				EBE745B7124F8C0D00618049 /* Sources */,
				EBE745B9124F8C0D00618049 /* Frameworks */,
				EBE745BC124F8C0D00618049 /* Copy YAML Files */,
			);
			buildRules = (
			);
			dependencies = (
				EBE745B5124F8C0D00618049 /* PBXTargetDependency */,
			);
			name = "test (spec12examples)";
			productName = test;
			productReference = EBE745C1124F8C0D00618049 /* test */;
			productType = "com.apple.product-type.tool";
		};
/* End PBXNativeTarget section */

/* Begin PBXProject section */
		0867D690FE84028FC02AAC07 /* Project object */ = {
			isa = PBXProject;
			attributes = {
				LastTestingUpgradeCheck = 0720;
				LastUpgradeCheck = 0720;
				TargetAttributes = {
					B6A432571C2708F7007FB63C = {
						CreatedOnToolsVersion = 7.2;
					};
					B6A432A01C27CE40007FB63C = {
						CreatedOnToolsVersion = 7.2;
					};
				};
			};
			buildConfigurationList = 1DEB91B108733DA50010E9CD /* Build configuration list for PBXProject "YAML" */;
			compatibilityVersion = "Xcode 3.2";
			developmentRegion = English;
			hasScannedForEncodings = 1;
			knownRegions = (
				English,
				Japanese,
				French,
				German,
				en,
			);
			mainGroup = 0867D691FE84028FC02AAC07 /* YAML */;
			productRefGroup = 034768DFFF38A50411DB9C8B /* Products */;
			projectDirPath = "";
			projectRoot = "";
			targets = (
				8DC2EF4F0486A6940098B216 /* YAML */,
				B6A432571C2708F7007FB63C /* YAMLUnitTests */,
				B6A432A01C27CE40007FB63C /* YAML iOS */,
				EB6C420D124D99BE00886AD1 /* test */,
				EBE745B4124F8C0D00618049 /* test (spec12examples) */,
				EB2B5927124E2100001FFEEB /* events */,
			);
		};
/* End PBXProject section */

/* Begin PBXResourcesBuildPhase section */
		8DC2EF520486A6940098B216 /* Resources */ = {
			isa = PBXResourcesBuildPhase;
			buildActionMask = 2147483647;
			files = (
				8DC2EF530486A6940098B216 /* InfoPlist.strings in Resources */,
			);
			runOnlyForDeploymentPostprocessing = 0;
		};
		B6A432561C2708F7007FB63C /* Resources */ = {
			isa = PBXResourcesBuildPhase;
			buildActionMask = 2147483647;
			files = (
				B6A432681C270B3E007FB63C /* InfoPlist.strings in Resources */,
				B6A432671C2709D5007FB63C /* basic.yaml in Resources */,
			);
			runOnlyForDeploymentPostprocessing = 0;
		};
		B6A4329F1C27CE40007FB63C /* Resources */ = {
			isa = PBXResourcesBuildPhase;
			buildActionMask = 2147483647;
			files = (
				B6A432B61C27CEC7007FB63C /* InfoPlist.strings in Resources */,
			);
			runOnlyForDeploymentPostprocessing = 0;
		};
/* End PBXResourcesBuildPhase section */

/* Begin PBXSourcesBuildPhase section */
		8DC2EF540486A6940098B216 /* Sources */ = {
			isa = PBXSourcesBuildPhase;
			buildActionMask = 2147483647;
			files = (
				EBF83D8C124D7A3E008517E5 /* YAMLSerialization.m in Sources */,
				EB8C1ABA14B795E200BCDC1A /* api.c in Sources */,
				EB8C1ABB14B795E200BCDC1A /* dumper.c in Sources */,
				EB8C1ABC14B795E200BCDC1A /* emitter.c in Sources */,
				EB8C1ABD14B795E200BCDC1A /* loader.c in Sources */,
				EB8C1ABE14B795E200BCDC1A /* parser.c in Sources */,
				EB8C1ABF14B795E200BCDC1A /* reader.c in Sources */,
				EB8C1AC014B795E200BCDC1A /* scanner.c in Sources */,
				EB8C1AC114B795E200BCDC1A /* writer.c in Sources */,
			);
			runOnlyForDeploymentPostprocessing = 0;
		};
		B6A432541C2708F7007FB63C /* Sources */ = {
			isa = PBXSourcesBuildPhase;
			buildActionMask = 2147483647;
			files = (
				B6A432661C270973007FB63C /* YAMLUnitTests.m in Sources */,
			);
			runOnlyForDeploymentPostprocessing = 0;
		};
		B6A4329C1C27CE40007FB63C /* Sources */ = {
			isa = PBXSourcesBuildPhase;
			buildActionMask = 2147483647;
			files = (
				B6A432A91C27CE60007FB63C /* YAMLSerialization.m in Sources */,
				B6A432AA1C27CE7B007FB63C /* api.c in Sources */,
				B6A432AB1C27CE7B007FB63C /* dumper.c in Sources */,
				B6A432AC1C27CE7B007FB63C /* emitter.c in Sources */,
				B6A432AD1C27CE7B007FB63C /* loader.c in Sources */,
				B6A432AE1C27CE7B007FB63C /* parser.c in Sources */,
				B6A432AF1C27CE7B007FB63C /* reader.c in Sources */,
				B6A432B01C27CE7B007FB63C /* scanner.c in Sources */,
				B6A432B11C27CE7B007FB63C /* writer.c in Sources */,
			);
			runOnlyForDeploymentPostprocessing = 0;
		};
		EB2B5925124E2100001FFEEB /* Sources */ = {
			isa = PBXSourcesBuildPhase;
			buildActionMask = 2147483647;
			files = (
				EB2B592E124E2117001FFEEB /* events.c in Sources */,
			);
			runOnlyForDeploymentPostprocessing = 0;
		};
		EB6C420B124D99BE00886AD1 /* Sources */ = {
			isa = PBXSourcesBuildPhase;
			buildActionMask = 2147483647;
			files = (
				EB6C433C124E0CF600886AD1 /* test.m in Sources */,
			);
			runOnlyForDeploymentPostprocessing = 0;
		};
		EBE745B7124F8C0D00618049 /* Sources */ = {
			isa = PBXSourcesBuildPhase;
			buildActionMask = 2147483647;
			files = (
				EBE745C7124F8C2F00618049 /* spec12examples.m in Sources */,
			);
			runOnlyForDeploymentPostprocessing = 0;
		};
/* End PBXSourcesBuildPhase section */

/* Begin PBXTargetDependency section */
		B6A4325F1C2708F7007FB63C /* PBXTargetDependency */ = {
			isa = PBXTargetDependency;
			target = 8DC2EF4F0486A6940098B216 /* YAML */;
			targetProxy = B6A4325E1C2708F7007FB63C /* PBXContainerItemProxy */;
		};
		B6A432641C270944007FB63C /* PBXTargetDependency */ = {
			isa = PBXTargetDependency;
			target = 8DC2EF4F0486A6940098B216 /* YAML */;
			targetProxy = B6A432631C270944007FB63C /* PBXContainerItemProxy */;
		};
		EB6C4213124D99CB00886AD1 /* PBXTargetDependency */ = {
			isa = PBXTargetDependency;
			target = 8DC2EF4F0486A6940098B216 /* YAML */;
			targetProxy = EB6C4212124D99CB00886AD1 /* PBXContainerItemProxy */;
		};
		EBE745B5124F8C0D00618049 /* PBXTargetDependency */ = {
			isa = PBXTargetDependency;
			target = 8DC2EF4F0486A6940098B216 /* YAML */;
			targetProxy = EBE745B6124F8C0D00618049 /* PBXContainerItemProxy */;
		};
/* End PBXTargetDependency section */

/* Begin PBXVariantGroup section */
		089C1666FE841158C02AAC07 /* InfoPlist.strings */ = {
			isa = PBXVariantGroup;
			children = (
				089C1667FE841158C02AAC07 /* English */,
			);
			name = InfoPlist.strings;
			sourceTree = "<group>";
		};
		D319EEB213E5EE2A000EB46D /* InfoPlist.strings */ = {
			isa = PBXVariantGroup;
			children = (
				D319EEB313E5EE2A000EB46D /* en */,
			);
			name = InfoPlist.strings;
			sourceTree = "<group>";
		};
/* End PBXVariantGroup section */

/* Begin XCBuildConfiguration section */
		1DEB91AE08733DA50010E9CD /* Debug */ = {
			isa = XCBuildConfiguration;
			buildSettings = {
				ALWAYS_SEARCH_USER_PATHS = NO;
				COMBINE_HIDPI_IMAGES = YES;
				COPY_PHASE_STRIP = NO;
				DEPLOYMENT_LOCATION = YES;
				DYLIB_COMPATIBILITY_VERSION = 1;
				DYLIB_CURRENT_VERSION = 1;
				FRAMEWORK_VERSION = A;
				GCC_DYNAMIC_NO_PIC = NO;
				GCC_OPTIMIZATION_LEVEL = 0;
				GCC_PRECOMPILE_PREFIX_HEADER = YES;
				GCC_PREFIX_HEADER = YAML_Prefix.pch;
				INFOPLIST_FILE = Info.plist;
				OTHER_CFLAGS = "-DHAVE_CONFIG_H";
				PRODUCT_BUNDLE_IDENTIFIER = "com.yourcompany.${PRODUCT_NAME:rfc1034Identifier}";
				PRODUCT_NAME = YAML;
				WRAPPER_EXTENSION = framework;
			};
			name = Debug;
		};
		1DEB91AF08733DA50010E9CD /* Release */ = {
			isa = XCBuildConfiguration;
			buildSettings = {
				ALWAYS_SEARCH_USER_PATHS = NO;
				COMBINE_HIDPI_IMAGES = YES;
				DEBUG_INFORMATION_FORMAT = "dwarf-with-dsym";
				DEPLOYMENT_LOCATION = YES;
				DYLIB_COMPATIBILITY_VERSION = 1;
				DYLIB_CURRENT_VERSION = 1;
				FRAMEWORK_VERSION = A;
				GCC_PRECOMPILE_PREFIX_HEADER = YES;
				GCC_PREFIX_HEADER = YAML_Prefix.pch;
				INFOPLIST_FILE = Info.plist;
				OTHER_CFLAGS = "-DHAVE_CONFIG_H";
				PRODUCT_BUNDLE_IDENTIFIER = "com.yourcompany.${PRODUCT_NAME:rfc1034Identifier}";
				PRODUCT_NAME = YAML;
				WRAPPER_EXTENSION = framework;
			};
			name = Release;
		};
		1DEB91B208733DA50010E9CD /* Debug */ = {
			isa = XCBuildConfiguration;
			buildSettings = {
				ENABLE_TESTABILITY = YES;
				GCC_C_LANGUAGE_STANDARD = gnu99;
				GCC_OPTIMIZATION_LEVEL = 0;
				GCC_WARN_ABOUT_RETURN_TYPE = YES;
				GCC_WARN_UNUSED_VARIABLE = YES;
				HEADER_SEARCH_PATHS = "${PROJECT_DIR}/yaml-0.1.4/include";
				ONLY_ACTIVE_ARCH = YES;
				SDKROOT = "";
			};
			name = Debug;
		};
		1DEB91B308733DA50010E9CD /* Release */ = {
			isa = XCBuildConfiguration;
			buildSettings = {
				GCC_C_LANGUAGE_STANDARD = gnu99;
				GCC_WARN_ABOUT_RETURN_TYPE = YES;
				GCC_WARN_UNUSED_VARIABLE = YES;
				HEADER_SEARCH_PATHS = "${PROJECT_DIR}/yaml-0.1.4/include";
				SDKROOT = "";
			};
			name = Release;
		};
		B6A432611C2708F7007FB63C /* Debug */ = {
			isa = XCBuildConfiguration;
			buildSettings = {
				ALWAYS_SEARCH_USER_PATHS = NO;
				CLANG_CXX_LANGUAGE_STANDARD = "gnu++0x";
				CLANG_CXX_LIBRARY = "libc++";
				CLANG_ENABLE_MODULES = YES;
				CLANG_ENABLE_OBJC_ARC = YES;
				CLANG_WARN_BOOL_CONVERSION = YES;
				CLANG_WARN_CONSTANT_CONVERSION = YES;
				CLANG_WARN_DIRECT_OBJC_ISA_USAGE = YES_ERROR;
				CLANG_WARN_EMPTY_BODY = YES;
				CLANG_WARN_ENUM_CONVERSION = YES;
				CLANG_WARN_INT_CONVERSION = YES;
				CLANG_WARN_OBJC_ROOT_CLASS = YES_ERROR;
				CLANG_WARN_UNREACHABLE_CODE = YES;
				CLANG_WARN__DUPLICATE_METHOD_MATCH = YES;
				CODE_SIGN_IDENTITY = "-";
				COMBINE_HIDPI_IMAGES = YES;
				COPY_PHASE_STRIP = NO;
				DEBUG_INFORMATION_FORMAT = dwarf;
				ENABLE_STRICT_OBJC_MSGSEND = YES;
				GCC_DYNAMIC_NO_PIC = NO;
				GCC_NO_COMMON_BLOCKS = YES;
				GCC_PREPROCESSOR_DEFINITIONS = (
					"DEBUG=1",
					"$(inherited)",
				);
				GCC_WARN_64_TO_32_BIT_CONVERSION = YES;
				GCC_WARN_ABOUT_RETURN_TYPE = YES_ERROR;
				GCC_WARN_UNDECLARED_SELECTOR = YES;
				GCC_WARN_UNINITIALIZED_AUTOS = YES_AGGRESSIVE;
				GCC_WARN_UNUSED_FUNCTION = YES;
				INFOPLIST_FILE = "YAMLUnitTests/YAMLUnitTests-Info.plist";
				LD_RUNPATH_SEARCH_PATHS = "$(inherited) @executable_path/../Frameworks @loader_path/../Frameworks";
				MACOSX_DEPLOYMENT_TARGET = 10.11;
				MTL_ENABLE_DEBUG_INFO = YES;
				PRODUCT_BUNDLE_IDENTIFIER = com.thirdparty.YAMLUnitTests;
				PRODUCT_NAME = "$(TARGET_NAME)";
				SDKROOT = macosx;
			};
			name = Debug;
		};
		B6A432621C2708F7007FB63C /* Release */ = {
			isa = XCBuildConfiguration;
			buildSettings = {
				ALWAYS_SEARCH_USER_PATHS = NO;
				CLANG_CXX_LANGUAGE_STANDARD = "gnu++0x";
				CLANG_CXX_LIBRARY = "libc++";
				CLANG_ENABLE_MODULES = YES;
				CLANG_ENABLE_OBJC_ARC = YES;
				CLANG_WARN_BOOL_CONVERSION = YES;
				CLANG_WARN_CONSTANT_CONVERSION = YES;
				CLANG_WARN_DIRECT_OBJC_ISA_USAGE = YES_ERROR;
				CLANG_WARN_EMPTY_BODY = YES;
				CLANG_WARN_ENUM_CONVERSION = YES;
				CLANG_WARN_INT_CONVERSION = YES;
				CLANG_WARN_OBJC_ROOT_CLASS = YES_ERROR;
				CLANG_WARN_UNREACHABLE_CODE = YES;
				CLANG_WARN__DUPLICATE_METHOD_MATCH = YES;
				CODE_SIGN_IDENTITY = "-";
				COMBINE_HIDPI_IMAGES = YES;
				COPY_PHASE_STRIP = NO;
				DEBUG_INFORMATION_FORMAT = "dwarf-with-dsym";
				ENABLE_NS_ASSERTIONS = NO;
				ENABLE_STRICT_OBJC_MSGSEND = YES;
				GCC_NO_COMMON_BLOCKS = YES;
				GCC_WARN_64_TO_32_BIT_CONVERSION = YES;
				GCC_WARN_ABOUT_RETURN_TYPE = YES_ERROR;
				GCC_WARN_UNDECLARED_SELECTOR = YES;
				GCC_WARN_UNINITIALIZED_AUTOS = YES_AGGRESSIVE;
				GCC_WARN_UNUSED_FUNCTION = YES;
				INFOPLIST_FILE = "YAMLUnitTests/YAMLUnitTests-Info.plist";
				LD_RUNPATH_SEARCH_PATHS = "$(inherited) @executable_path/../Frameworks @loader_path/../Frameworks";
				MACOSX_DEPLOYMENT_TARGET = 10.11;
				MTL_ENABLE_DEBUG_INFO = NO;
				PRODUCT_BUNDLE_IDENTIFIER = com.thirdparty.YAMLUnitTests;
				PRODUCT_NAME = "$(TARGET_NAME)";
				SDKROOT = macosx;
			};
			name = Release;
		};
		B6A432A71C27CE40007FB63C /* Debug */ = {
			isa = XCBuildConfiguration;
			buildSettings = {
				ALWAYS_SEARCH_USER_PATHS = NO;
				CLANG_CXX_LANGUAGE_STANDARD = "gnu++0x";
				CLANG_CXX_LIBRARY = "libc++";
				CLANG_ENABLE_MODULES = YES;
				CLANG_ENABLE_OBJC_ARC = YES;
				CLANG_WARN_BOOL_CONVERSION = YES;
				CLANG_WARN_CONSTANT_CONVERSION = YES;
				CLANG_WARN_DIRECT_OBJC_ISA_USAGE = YES_ERROR;
				CLANG_WARN_EMPTY_BODY = YES;
				CLANG_WARN_ENUM_CONVERSION = YES;
				CLANG_WARN_INT_CONVERSION = YES;
				CLANG_WARN_OBJC_ROOT_CLASS = YES_ERROR;
				CLANG_WARN_UNREACHABLE_CODE = YES;
				CLANG_WARN__DUPLICATE_METHOD_MATCH = YES;
				"CODE_SIGN_IDENTITY[sdk=iphoneos*]" = "iPhone Developer";
				COPY_PHASE_STRIP = NO;
				CURRENT_PROJECT_VERSION = 1;
				DEBUG_INFORMATION_FORMAT = dwarf;
				DEFINES_MODULE = YES;
				DYLIB_COMPATIBILITY_VERSION = 1;
				DYLIB_CURRENT_VERSION = 1;
				DYLIB_INSTALL_NAME_BASE = "@rpath";
				ENABLE_STRICT_OBJC_MSGSEND = YES;
				GCC_DYNAMIC_NO_PIC = NO;
				GCC_NO_COMMON_BLOCKS = YES;
				GCC_PREPROCESSOR_DEFINITIONS = (
					"DEBUG=1",
					"$(inherited)",
				);
				GCC_WARN_64_TO_32_BIT_CONVERSION = YES;
				GCC_WARN_ABOUT_RETURN_TYPE = YES_ERROR;
				GCC_WARN_UNDECLARED_SELECTOR = YES;
				GCC_WARN_UNINITIALIZED_AUTOS = YES_AGGRESSIVE;
				GCC_WARN_UNUSED_FUNCTION = YES;
				INFOPLIST_FILE = "YAML iOS-Info.plist";
				INSTALL_PATH = "$(LOCAL_LIBRARY_DIR)/Frameworks";
				IPHONEOS_DEPLOYMENT_TARGET = 9.2;
				LD_RUNPATH_SEARCH_PATHS = "$(inherited) @executable_path/Frameworks @loader_path/Frameworks";
				MODULEMAP_FILE = "$(SRCROOT)/module.modulemap";
				MTL_ENABLE_DEBUG_INFO = YES;
				OTHER_CFLAGS = "-DHAVE_CONFIG_H";
				PRODUCT_BUNDLE_IDENTIFIER = com.yourcompany.YAML;
				PRODUCT_NAME = YAML;
				SDKROOT = iphoneos;
				SKIP_INSTALL = YES;
				TARGETED_DEVICE_FAMILY = "1,2";
				VERSIONING_SYSTEM = "apple-generic";
				VERSION_INFO_PREFIX = "";
			};
			name = Debug;
		};
		B6A432A81C27CE40007FB63C /* Release */ = {
			isa = XCBuildConfiguration;
			buildSettings = {
				ALWAYS_SEARCH_USER_PATHS = NO;
				CLANG_CXX_LANGUAGE_STANDARD = "gnu++0x";
				CLANG_CXX_LIBRARY = "libc++";
				CLANG_ENABLE_MODULES = YES;
				CLANG_ENABLE_OBJC_ARC = YES;
				CLANG_WARN_BOOL_CONVERSION = YES;
				CLANG_WARN_CONSTANT_CONVERSION = YES;
				CLANG_WARN_DIRECT_OBJC_ISA_USAGE = YES_ERROR;
				CLANG_WARN_EMPTY_BODY = YES;
				CLANG_WARN_ENUM_CONVERSION = YES;
				CLANG_WARN_INT_CONVERSION = YES;
				CLANG_WARN_OBJC_ROOT_CLASS = YES_ERROR;
				CLANG_WARN_UNREACHABLE_CODE = YES;
				CLANG_WARN__DUPLICATE_METHOD_MATCH = YES;
				"CODE_SIGN_IDENTITY[sdk=iphoneos*]" = "iPhone Developer";
				COPY_PHASE_STRIP = NO;
				CURRENT_PROJECT_VERSION = 1;
				DEBUG_INFORMATION_FORMAT = "dwarf-with-dsym";
				DEFINES_MODULE = YES;
				DYLIB_COMPATIBILITY_VERSION = 1;
				DYLIB_CURRENT_VERSION = 1;
				DYLIB_INSTALL_NAME_BASE = "@rpath";
				ENABLE_NS_ASSERTIONS = NO;
				ENABLE_STRICT_OBJC_MSGSEND = YES;
				GCC_NO_COMMON_BLOCKS = YES;
				GCC_WARN_64_TO_32_BIT_CONVERSION = YES;
				GCC_WARN_ABOUT_RETURN_TYPE = YES_ERROR;
				GCC_WARN_UNDECLARED_SELECTOR = YES;
				GCC_WARN_UNINITIALIZED_AUTOS = YES_AGGRESSIVE;
				GCC_WARN_UNUSED_FUNCTION = YES;
				INFOPLIST_FILE = "YAML iOS-Info.plist";
				INSTALL_PATH = "$(LOCAL_LIBRARY_DIR)/Frameworks";
				IPHONEOS_DEPLOYMENT_TARGET = 9.2;
				LD_RUNPATH_SEARCH_PATHS = "$(inherited) @executable_path/Frameworks @loader_path/Frameworks";
				MODULEMAP_FILE = "$(SRCROOT)/module.modulemap";
				MTL_ENABLE_DEBUG_INFO = NO;
				OTHER_CFLAGS = "-DHAVE_CONFIG_H";
				PRODUCT_BUNDLE_IDENTIFIER = com.yourcompany.YAML;
				PRODUCT_NAME = YAML;
				SDKROOT = iphoneos;
				SKIP_INSTALL = YES;
				TARGETED_DEVICE_FAMILY = "1,2";
				VALIDATE_PRODUCT = YES;
				VERSIONING_SYSTEM = "apple-generic";
				VERSION_INFO_PREFIX = "";
			};
			name = Release;
		};
		EB2B592A124E2100001FFEEB /* Debug */ = {
			isa = XCBuildConfiguration;
			buildSettings = {
				ALWAYS_SEARCH_USER_PATHS = NO;
				COPY_PHASE_STRIP = NO;
				GCC_DYNAMIC_NO_PIC = NO;
				GCC_MODEL_TUNING = G5;
				GCC_OPTIMIZATION_LEVEL = 0;
				GCC_PRECOMPILE_PREFIX_HEADER = YES;
				GCC_PREFIX_HEADER = "";
				INSTALL_PATH = /usr/local/bin;
				OTHER_LDFLAGS = "";
				PRODUCT_NAME = events;
			};
			name = Debug;
		};
		EB2B592B124E2100001FFEEB /* Release */ = {
			isa = XCBuildConfiguration;
			buildSettings = {
				ALWAYS_SEARCH_USER_PATHS = NO;
				COPY_PHASE_STRIP = YES;
				DEBUG_INFORMATION_FORMAT = "dwarf-with-dsym";
				GCC_MODEL_TUNING = G5;
				GCC_PRECOMPILE_PREFIX_HEADER = YES;
				GCC_PREFIX_HEADER = "";
				INSTALL_PATH = /usr/local/bin;
				OTHER_LDFLAGS = "";
				PRODUCT_NAME = events;
				ZERO_LINK = NO;
			};
			name = Release;
		};
		EB6C4210124D99BE00886AD1 /* Debug */ = {
			isa = XCBuildConfiguration;
			buildSettings = {
				ALWAYS_SEARCH_USER_PATHS = NO;
				COPY_PHASE_STRIP = NO;
				GCC_DYNAMIC_NO_PIC = NO;
				GCC_MODEL_TUNING = G5;
				GCC_OPTIMIZATION_LEVEL = 0;
				GCC_PRECOMPILE_PREFIX_HEADER = YES;
				GCC_PREFIX_HEADER = "$(SYSTEM_LIBRARY_DIR)/Frameworks/AppKit.framework/Headers/AppKit.h";
				INSTALL_PATH = /usr/local/bin;
				OTHER_LDFLAGS = (
					"-framework",
					Foundation,
					"-framework",
					AppKit,
				);
				PRODUCT_NAME = test;
			};
			name = Debug;
		};
		EB6C4211124D99BE00886AD1 /* Release */ = {
			isa = XCBuildConfiguration;
			buildSettings = {
				ALWAYS_SEARCH_USER_PATHS = NO;
				COPY_PHASE_STRIP = YES;
				DEBUG_INFORMATION_FORMAT = "dwarf-with-dsym";
				GCC_MODEL_TUNING = G5;
				GCC_PRECOMPILE_PREFIX_HEADER = YES;
				GCC_PREFIX_HEADER = "$(SYSTEM_LIBRARY_DIR)/Frameworks/AppKit.framework/Headers/AppKit.h";
				INSTALL_PATH = /usr/local/bin;
				OTHER_LDFLAGS = (
					"-framework",
					Foundation,
					"-framework",
					AppKit,
				);
				PRODUCT_NAME = test;
				ZERO_LINK = NO;
			};
			name = Release;
		};
		EBE745BF124F8C0D00618049 /* Debug */ = {
			isa = XCBuildConfiguration;
			buildSettings = {
				ALWAYS_SEARCH_USER_PATHS = NO;
				COPY_PHASE_STRIP = NO;
				GCC_DYNAMIC_NO_PIC = NO;
				GCC_MODEL_TUNING = G5;
				GCC_OPTIMIZATION_LEVEL = 0;
				GCC_PRECOMPILE_PREFIX_HEADER = YES;
				GCC_PREFIX_HEADER = "$(SYSTEM_LIBRARY_DIR)/Frameworks/AppKit.framework/Headers/AppKit.h";
				INSTALL_PATH = /usr/local/bin;
				OTHER_LDFLAGS = (
					"-framework",
					Foundation,
					"-framework",
					AppKit,
				);
				PRODUCT_NAME = test;
			};
			name = Debug;
		};
		EBE745C0124F8C0D00618049 /* Release */ = {
			isa = XCBuildConfiguration;
			buildSettings = {
				ALWAYS_SEARCH_USER_PATHS = NO;
				COPY_PHASE_STRIP = YES;
				DEBUG_INFORMATION_FORMAT = "dwarf-with-dsym";
				GCC_MODEL_TUNING = G5;
				GCC_PRECOMPILE_PREFIX_HEADER = YES;
				GCC_PREFIX_HEADER = "$(SYSTEM_LIBRARY_DIR)/Frameworks/AppKit.framework/Headers/AppKit.h";
				INSTALL_PATH = /usr/local/bin;
				OTHER_LDFLAGS = (
					"-framework",
					Foundation,
					"-framework",
					AppKit,
				);
				PRODUCT_NAME = test;
				ZERO_LINK = NO;
			};
			name = Release;
		};
/* End XCBuildConfiguration section */

/* Begin XCConfigurationList section */
		1DEB91AD08733DA50010E9CD /* Build configuration list for PBXNativeTarget "YAML" */ = {
			isa = XCConfigurationList;
			buildConfigurations = (
				1DEB91AE08733DA50010E9CD /* Debug */,
				1DEB91AF08733DA50010E9CD /* Release */,
			);
			defaultConfigurationIsVisible = 0;
			defaultConfigurationName = Release;
		};
		1DEB91B108733DA50010E9CD /* Build configuration list for PBXProject "YAML" */ = {
			isa = XCConfigurationList;
			buildConfigurations = (
				1DEB91B208733DA50010E9CD /* Debug */,
				1DEB91B308733DA50010E9CD /* Release */,
			);
			defaultConfigurationIsVisible = 0;
			defaultConfigurationName = Release;
		};
		B6A432601C2708F7007FB63C /* Build configuration list for PBXNativeTarget "YAMLUnitTests" */ = {
			isa = XCConfigurationList;
			buildConfigurations = (
				B6A432611C2708F7007FB63C /* Debug */,
				B6A432621C2708F7007FB63C /* Release */,
			);
			defaultConfigurationIsVisible = 0;
			defaultConfigurationName = Release;
		};
		B6A432A61C27CE40007FB63C /* Build configuration list for PBXNativeTarget "YAML iOS" */ = {
			isa = XCConfigurationList;
			buildConfigurations = (
				B6A432A71C27CE40007FB63C /* Debug */,
				B6A432A81C27CE40007FB63C /* Release */,
			);
			defaultConfigurationIsVisible = 0;
			defaultConfigurationName = Release;
		};
		EB2B592F124E2117001FFEEB /* Build configuration list for PBXNativeTarget "events" */ = {
			isa = XCConfigurationList;
			buildConfigurations = (
				EB2B592A124E2100001FFEEB /* Debug */,
				EB2B592B124E2100001FFEEB /* Release */,
			);
			defaultConfigurationIsVisible = 0;
			defaultConfigurationName = Release;
		};
		EB6C4221124D99E100886AD1 /* Build configuration list for PBXNativeTarget "test" */ = {
			isa = XCConfigurationList;
			buildConfigurations = (
				EB6C4210124D99BE00886AD1 /* Debug */,
				EB6C4211124D99BE00886AD1 /* Release */,
			);
			defaultConfigurationIsVisible = 0;
			defaultConfigurationName = Release;
		};
		EBE745BE124F8C0D00618049 /* Build configuration list for PBXNativeTarget "test (spec12examples)" */ = {
			isa = XCConfigurationList;
			buildConfigurations = (
				EBE745BF124F8C0D00618049 /* Debug */,
				EBE745C0124F8C0D00618049 /* Release */,
			);
			defaultConfigurationIsVisible = 0;
			defaultConfigurationName = Release;
		};
/* End XCConfigurationList section */
	};
	rootObject = 0867D690FE84028FC02AAC07 /* Project object */;
}
